
Microsoft Visual Studio Solution File, Format Version 12.00
# Visual Studio Version 16
VisualStudioVersion = 16.0.31410.357
MinimumVisualStudioVersion = 10.0.40219.1
Project("{8BC9CEB8-8B4A-11D0-8D11-00A0C91BC942}") = "Using_return", "Using_return\Using_return.vcxproj", "{7EE7880B-E388-4825-903C-9A0088A801D6}"
EndProject
Project("{8BC9CEB8-8B4A-11D0-8D11-00A0C91BC942}") = "Multiple_returns", "Multiple_returns\Multiple_returns.vcxproj", "{35AEAFFD-CCFE-41AB-ACB2-29F07AA01B54}"
EndProject
Project("{8BC9CEB8-8B4A-11D0-8D11-00A0C91BC942}") = "Returning_values", "Returning_values\Returning_values.vcxproj", "{EA4F1CCC-64E3-4377-858B-48DC3FBB5F2B}"
EndProject
Project("{8BC9CEB8-8B4A-11D0-8D11-00A0C91BC942}") = "Returning_a_value2", "Returning_a_value2\Returning_a_value2.vcxproj", "{C057EFE3-4C1C-4B6A-BEFF-67BAF945DF0A}"
EndProject
Project("{8BC9CEB8-8B4A-11D0-8D11-00A0C91BC942}") = "Returning_a_double_value", "Returning_a_double_value\Returning_a_double_value.vcxproj", "{2A2A396B-64A7-4473-B55E-D82EC00EC756}"
EndProject
Project("{8BC9CEB8-8B4A-11D0-8D11-00A0C91BC942}") = "Return_a_double_value2", "Return_a_double_value2\Return_a_double_value2.vcxproj", "{F0B09F82-0663-4D63-B524-B5C2A6599B5F}"
EndProject
Project("{8BC9CEB8-8B4A-11D0-8D11-00A0C91BC942}") = "Using_functions_in_expressions", "Using_functions_in_expressions\Using_functions_in_expressions.vcxproj", "{DDB527C8-2CDF-4DB5-9AB1-3ABACAD77B35}"
EndProject
Project("{8BC9CEB8-8B4A-11D0-8D11-00A0C91BC942}") = "Local_scope", "Local_scope\Local_scope.vcxproj", "{49855ADC-8057-446C-B8E1-3BF72C10068C}"
EndProject
Project("{8BC9CEB8-8B4A-11D0-8D11-00A0C91BC942}") = "Local_scope2", "Local_scope2\Local_scope2.vcxproj", "{8045B70F-E2F5-41F3-AED5-8308C1B6B1F8}"
EndProject
Project("{8BC9CEB8-8B4A-11D0-8D11-00A0C91BC942}") = "Local_variable", "Local_variable\Local_variable.vcxproj", "{F1B1B9D5-A420-46EB-B13D-BE811140A629}"
EndProject
Project("{8BC9CEB8-8B4A-11D0-8D11-00A0C91BC942}") = "Local_variable2", "Local_variable3\Local_variable3.vcxproj", "{A8856248-B09F-459A-9617-EE2CE7533B56}"
EndProject
Project("{8BC9CEB8-8B4A-11D0-8D11-00A0C91BC942}") = "Name_hiding", "Name_hiding\Name_hiding.vcxproj", "{E0827A6C-365F-4659-9CCF-FAB448128936}"
EndProject
Project("{8BC9CEB8-8B4A-11D0-8D11-00A0C91BC942}") = "Global_scope", "Global_scope\Global_scope.vcxproj", "{077C8E5B-4123-4D77-8C87-C608ECA282D3}"
EndProject
Project("{8BC9CEB8-8B4A-11D0-8D11-00A0C91BC942}") = "Global_variable", "Global_variable\Global_variable.vcxproj", "{5D360810-6809-4F73-894C-454ADB1EB2C0}"
EndProject
Project("{8BC9CEB8-8B4A-11D0-8D11-00A0C91BC942}") = "Demonstrating_the_scope_of_the_variables", "Demonstrating_the_scope_of_the_variables\Demonstrating_the_scope_of_the_variables.vcxproj", "{16708C28-343C-4FB2-8362-7B1C49621075}"
EndProject
Global
	GlobalSection(SolutionConfigurationPlatforms) = preSolution
		Debug|x64 = Debug|x64
		Debug|x86 = Debug|x86
		Release|x64 = Release|x64
		Release|x86 = Release|x86
	EndGlobalSection
	GlobalSection(ProjectConfigurationPlatforms) = postSolution
		{7EE7880B-E388-4825-903C-9A0088A801D6}.Debug|x64.ActiveCfg = Debug|x64
		{7EE7880B-E388-4825-903C-9A0088A801D6}.Debug|x64.Build.0 = Debug|x64
		{7EE7880B-E388-4825-903C-9A0088A801D6}.Debug|x86.ActiveCfg = Debug|Win32
		{7EE7880B-E388-4825-903C-9A0088A801D6}.Debug|x86.Build.0 = Debug|Win32
		{7EE7880B-E388-4825-903C-9A0088A801D6}.Release|x64.ActiveCfg = Release|x64
		{7EE7880B-E388-4825-903C-9A0088A801D6}.Release|x64.Build.0 = Release|x64
		{7EE7880B-E388-4825-903C-9A0088A801D6}.Release|x86.ActiveCfg = Release|Win32
		{7EE7880B-E388-4825-903C-9A0088A801D6}.Release|x86.Build.0 = Release|Win32
		{35AEAFFD-CCFE-41AB-ACB2-29F07AA01B54}.Debug|x64.ActiveCfg = Debug|x64
		{35AEAFFD-CCFE-41AB-ACB2-29F07AA01B54}.Debug|x64.Build.0 = Debug|x64
		{35AEAFFD-CCFE-41AB-ACB2-29F07AA01B54}.Debug|x86.ActiveCfg = Debug|Win32
		{35AEAFFD-CCFE-41AB-ACB2-29F07AA01B54}.Debug|x86.Build.0 = Debug|Win32
		{35AEAFFD-CCFE-41AB-ACB2-29F07AA01B54}.Release|x64.ActiveCfg = Release|x64
		{35AEAFFD-CCFE-41AB-ACB2-29F07AA01B54}.Release|x64.Build.0 = Release|x64
		{35AEAFFD-CCFE-41AB-ACB2-29F07AA01B54}.Release|x86.ActiveCfg = Release|Win32
		{35AEAFFD-CCFE-41AB-ACB2-29F07AA01B54}.Release|x86.Build.0 = Release|Win32
		{EA4F1CCC-64E3-4377-858B-48DC3FBB5F2B}.Debug|x64.ActiveCfg = Debug|x64
		{EA4F1CCC-64E3-4377-858B-48DC3FBB5F2B}.Debug|x64.Build.0 = Debug|x64
		{EA4F1CCC-64E3-4377-858B-48DC3FBB5F2B}.Debug|x86.ActiveCfg = Debug|Win32
		{EA4F1CCC-64E3-4377-858B-48DC3FBB5F2B}.Debug|x86.Build.0 = Debug|Win32
		{EA4F1CCC-64E3-4377-858B-48DC3FBB5F2B}.Release|x64.ActiveCfg = Release|x64
		{EA4F1CCC-64E3-4377-858B-48DC3FBB5F2B}.Release|x64.Build.0 = Release|x64
		{EA4F1CCC-64E3-4377-858B-48DC3FBB5F2B}.Release|x86.ActiveCfg = Release|Win32
		{EA4F1CCC-64E3-4377-858B-48DC3FBB5F2B}.Release|x86.Build.0 = Release|Win32
		{C057EFE3-4C1C-4B6A-BEFF-67BAF945DF0A}.Debug|x64.ActiveCfg = Debug|x64
		{C057EFE3-4C1C-4B6A-BEFF-67BAF945DF0A}.Debug|x64.Build.0 = Debug|x64
		{C057EFE3-4C1C-4B6A-BEFF-67BAF945DF0A}.Debug|x86.ActiveCfg = Debug|Win32
		{C057EFE3-4C1C-4B6A-BEFF-67BAF945DF0A}.Debug|x86.Build.0 = Debug|Win32
		{C057EFE3-4C1C-4B6A-BEFF-67BAF945DF0A}.Release|x64.ActiveCfg = Release|x64
		{C057EFE3-4C1C-4B6A-BEFF-67BAF945DF0A}.Release|x64.Build.0 = Release|x64
		{C057EFE3-4C1C-4B6A-BEFF-67BAF945DF0A}.Release|x86.ActiveCfg = Release|Win32
		{C057EFE3-4C1C-4B6A-BEFF-67BAF945DF0A}.Release|x86.Build.0 = Release|Win32
		{2A2A396B-64A7-4473-B55E-D82EC00EC756}.Debug|x64.ActiveCfg = Debug|x64
		{2A2A396B-64A7-4473-B55E-D82EC00EC756}.Debug|x64.Build.0 = Debug|x64
		{2A2A396B-64A7-4473-B55E-D82EC00EC756}.Debug|x86.ActiveCfg = Debug|Win32
		{2A2A396B-64A7-4473-B55E-D82EC00EC756}.Debug|x86.Build.0 = Debug|Win32
		{2A2A396B-64A7-4473-B55E-D82EC00EC756}.Release|x64.ActiveCfg = Release|x64
		{2A2A396B-64A7-4473-B55E-D82EC00EC756}.Release|x64.Build.0 = Release|x64
		{2A2A396B-64A7-4473-B55E-D82EC00EC756}.Release|x86.ActiveCfg = Release|Win32
		{2A2A396B-64A7-4473-B55E-D82EC00EC756}.Release|x86.Build.0 = Release|Win32
		{F0B09F82-0663-4D63-B524-B5C2A6599B5F}.Debug|x64.ActiveCfg = Debug|x64
		{F0B09F82-0663-4D63-B524-B5C2A6599B5F}.Debug|x64.Build.0 = Debug|x64
		{F0B09F82-0663-4D63-B524-B5C2A6599B5F}.Debug|x86.ActiveCfg = Debug|Win32
		{F0B09F82-0663-4D63-B524-B5C2A6599B5F}.Debug|x86.Build.0 = Debug|Win32
		{F0B09F82-0663-4D63-B524-B5C2A6599B5F}.Release|x64.ActiveCfg = Release|x64
		{F0B09F82-0663-4D63-B524-B5C2A6599B5F}.Release|x64.Build.0 = Release|x64
		{F0B09F82-0663-4D63-B524-B5C2A6599B5F}.Release|x86.ActiveCfg = Release|Win32
		{F0B09F82-0663-4D63-B524-B5C2A6599B5F}.Release|x86.Build.0 = Release|Win32
		{DDB527C8-2CDF-4DB5-9AB1-3ABACAD77B35}.Debug|x64.ActiveCfg = Debug|x64
		{DDB527C8-2CDF-4DB5-9AB1-3ABACAD77B35}.Debug|x64.Build.0 = Debug|x64
		{DDB527C8-2CDF-4DB5-9AB1-3ABACAD77B35}.Debug|x86.ActiveCfg = Debug|Win32
		{DDB527C8-2CDF-4DB5-9AB1-3ABACAD77B35}.Debug|x86.Build.0 = Debug|Win32
		{DDB527C8-2CDF-4DB5-9AB1-3ABACAD77B35}.Release|x64.ActiveCfg = Release|x64
		{DDB527C8-2CDF-4DB5-9AB1-3ABACAD77B35}.Release|x64.Build.0 = Release|x64
		{DDB527C8-2CDF-4DB5-9AB1-3ABACAD77B35}.Release|x86.ActiveCfg = Release|Win32
		{DDB527C8-2CDF-4DB5-9AB1-3ABACAD77B35}.Release|x86.Build.0 = Release|Win32
		{49855ADC-8057-446C-B8E1-3BF72C10068C}.Debug|x64.ActiveCfg = Debug|x64
		{49855ADC-8057-446C-B8E1-3BF72C10068C}.Debug|x64.Build.0 = Debug|x64
		{49855ADC-8057-446C-B8E1-3BF72C10068C}.Debug|x86.ActiveCfg = Debug|Win32
		{49855ADC-8057-446C-B8E1-3BF72C10068C}.Debug|x86.Build.0 = Debug|Win32
		{49855ADC-8057-446C-B8E1-3BF72C10068C}.Release|x64.ActiveCfg = Release|x64
		{49855ADC-8057-446C-B8E1-3BF72C10068C}.Release|x64.Build.0 = Release|x64
		{49855ADC-8057-446C-B8E1-3BF72C10068C}.Release|x86.ActiveCfg = Release|Win32
		{49855ADC-8057-446C-B8E1-3BF72C10068C}.Release|x86.Build.0 = Release|Win32
		{8045B70F-E2F5-41F3-AED5-8308C1B6B1F8}.Debug|x64.ActiveCfg = Debug|x64
		{8045B70F-E2F5-41F3-AED5-8308C1B6B1F8}.Debug|x64.Build.0 = Debug|x64
		{8045B70F-E2F5-41F3-AED5-8308C1B6B1F8}.Debug|x86.ActiveCfg = Debug|Win32
		{8045B70F-E2F5-41F3-AED5-8308C1B6B1F8}.Debug|x86.Build.0 = Debug|Win32
		{8045B70F-E2F5-41F3-AED5-8308C1B6B1F8}.Release|x64.ActiveCfg = Release|x64
		{8045B70F-E2F5-41F3-AED5-8308C1B6B1F8}.Release|x64.Build.0 = Release|x64
		{8045B70F-E2F5-41F3-AED5-8308C1B6B1F8}.Release|x86.ActiveCfg = Release|Win32
		{8045B70F-E2F5-41F3-AED5-8308C1B6B1F8}.Release|x86.Build.0 = Release|Win32
		{F1B1B9D5-A420-46EB-B13D-BE811140A629}.Debug|x64.ActiveCfg = Debug|x64
		{F1B1B9D5-A420-46EB-B13D-BE811140A629}.Debug|x64.Build.0 = Debug|x64
		{F1B1B9D5-A420-46EB-B13D-BE811140A629}.Debug|x86.ActiveCfg = Debug|Win32
		{F1B1B9D5-A420-46EB-B13D-BE811140A629}.Debug|x86.Build.0 = Debug|Win32
		{F1B1B9D5-A420-46EB-B13D-BE811140A629}.Release|x64.ActiveCfg = Release|x64
		{F1B1B9D5-A420-46EB-B13D-BE811140A629}.Release|x64.Build.0 = Release|x64
		{F1B1B9D5-A420-46EB-B13D-BE811140A629}.Release|x86.ActiveCfg = Release|Win32
		{F1B1B9D5-A420-46EB-B13D-BE811140A629}.Release|x86.Build.0 = Release|Win32
		{A8856248-B09F-459A-9617-EE2CE7533B56}.Debug|x64.ActiveCfg = Debug|x64
		{A8856248-B09F-459A-9617-EE2CE7533B56}.Debug|x64.Build.0 = Debug|x64
		{A8856248-B09F-459A-9617-EE2CE7533B56}.Debug|x86.ActiveCfg = Debug|Win32
		{A8856248-B09F-459A-9617-EE2CE7533B56}.Debug|x86.Build.0 = Debug|Win32
		{A8856248-B09F-459A-9617-EE2CE7533B56}.Release|x64.ActiveCfg = Release|x64
		{A8856248-B09F-459A-9617-EE2CE7533B56}.Release|x64.Build.0 = Release|x64
		{A8856248-B09F-459A-9617-EE2CE7533B56}.Release|x86.ActiveCfg = Release|Win32
		{A8856248-B09F-459A-9617-EE2CE7533B56}.Release|x86.Build.0 = Release|Win32
		{E0827A6C-365F-4659-9CCF-FAB448128936}.Debug|x64.ActiveCfg = Debug|x64
		{E0827A6C-365F-4659-9CCF-FAB448128936}.Debug|x64.Build.0 = Debug|x64
		{E0827A6C-365F-4659-9CCF-FAB448128936}.Debug|x86.ActiveCfg = Debug|Win32
		{E0827A6C-365F-4659-9CCF-FAB448128936}.Debug|x86.Build.0 = Debug|Win32
		{E0827A6C-365F-4659-9CCF-FAB448128936}.Release|x64.ActiveCfg = Release|x64
		{E0827A6C-365F-4659-9CCF-FAB448128936}.Release|x64.Build.0 = Release|x64
		{E0827A6C-365F-4659-9CCF-FAB448128936}.Release|x86.ActiveCfg = Release|Win32
		{E0827A6C-365F-4659-9CCF-FAB448128936}.Release|x86.Build.0 = Release|Win32
		{077C8E5B-4123-4D77-8C87-C608ECA282D3}.Debug|x64.ActiveCfg = Debug|x64
		{077C8E5B-4123-4D77-8C87-C608ECA282D3}.Debug|x64.Build.0 = Debug|x64
		{077C8E5B-4123-4D77-8C87-C608ECA282D3}.Debug|x86.ActiveCfg = Debug|Win32
		{077C8E5B-4123-4D77-8C87-C608ECA282D3}.Debug|x86.Build.0 = Debug|Win32
		{077C8E5B-4123-4D77-8C87-C608ECA282D3}.Release|x64.ActiveCfg = Release|x64
		{077C8E5B-4123-4D77-8C87-C608ECA282D3}.Release|x64.Build.0 = Release|x64
		{077C8E5B-4123-4D77-8C87-C608ECA282D3}.Release|x86.ActiveCfg = Release|Win32
		{077C8E5B-4123-4D77-8C87-C608ECA282D3}.Release|x86.Build.0 = Release|Win32
		{5D360810-6809-4F73-894C-454ADB1EB2C0}.Debug|x64.ActiveCfg = Debug|x64
		{5D360810-6809-4F73-894C-454ADB1EB2C0}.Debug|x64.Build.0 = Debug|x64
		{5D360810-6809-4F73-894C-454ADB1EB2C0}.Debug|x86.ActiveCfg = Debug|Win32
		{5D360810-6809-4F73-894C-454ADB1EB2C0}.Debug|x86.Build.0 = Debug|Win32
		{5D360810-6809-4F73-894C-454ADB1EB2C0}.Release|x64.ActiveCfg = Release|x64
		{5D360810-6809-4F73-894C-454ADB1EB2C0}.Release|x64.Build.0 = Release|x64
		{5D360810-6809-4F73-894C-454ADB1EB2C0}.Release|x86.ActiveCfg = Release|Win32
		{5D360810-6809-4F73-894C-454ADB1EB2C0}.Release|x86.Build.0 = Release|Win32
		{16708C28-343C-4FB2-8362-7B1C49621075}.Debug|x64.ActiveCfg = Debug|x64
		{16708C28-343C-4FB2-8362-7B1C49621075}.Debug|x64.Build.0 = Debug|x64
		{16708C28-343C-4FB2-8362-7B1C49621075}.Debug|x86.ActiveCfg = Debug|Win32
		{16708C28-343C-4FB2-8362-7B1C49621075}.Debug|x86.Build.0 = Debug|Win32
		{16708C28-343C-4FB2-8362-7B1C49621075}.Release|x64.ActiveCfg = Release|x64
		{16708C28-343C-4FB2-8362-7B1C49621075}.Release|x64.Build.0 = Release|x64
		{16708C28-343C-4FB2-8362-7B1C49621075}.Release|x86.ActiveCfg = Release|Win32
		{16708C28-343C-4FB2-8362-7B1C49621075}.Release|x86.Build.0 = Release|Win32
	EndGlobalSection
	GlobalSection(SolutionProperties) = preSolution
		HideSolutionNode = FALSE
	EndGlobalSection
	GlobalSection(ExtensibilityGlobals) = postSolution
		SolutionGuid = {B2904CC2-D720-4713-886E-0D0F67943BE4}
	EndGlobalSection
EndGlobal
